
Microsoft Visual Studio Solution File, Format Version 12.00
# Visual Studio Version 17
VisualStudioVersion = 17.0.32002.185
MinimumVisualStudioVersion = 10.0.40219.1
Project("{FAE04EC0-301F-11D3-BF4B-00C04F79EFBC}") = "Lab3", "Lab3.csproj", "{8ECCF58D-9857-4721-A2A1-67D3DF6F80DF}"
EndProject
Global
	GlobalSection(SolutionConfigurationPlatforms) = preSolution
		Debug|Any CPU = Debug|Any CPU
		Release|Any CPU = Release|Any CPU
	EndGlobalSection
	GlobalSection(ProjectConfigurationPlatforms) = postSolution
		{8ECCF58D-9857-4721-A2A1-67D3DF6F80DF}.Debug|Any CPU.ActiveCfg = Debug|Any CPU
		{8ECCF58D-9857-4721-A2A1-67D3DF6F80DF}.Debug|Any CPU.Build.0 = Debug|Any CPU
		{8ECCF58D-9857-4721-A2A1-67D3DF6F80DF}.Release|Any CPU.ActiveCfg = Release|Any CPU
		{8ECCF58D-9857-4721-A2A1-67D3DF6F80DF}.Release|Any CPU.Build.0 = Release|Any CPU
	EndGlobalSection
	GlobalSection(SolutionProperties) = preSolution
		HideSolutionNode = FALSE
	EndGlobalSection
	GlobalSection(ExtensibilityGlobals) = postSolution
		SolutionGuid = {866968E9-3099-41EA-9C07-B3840E74FC17}
	EndGlobalSection
EndGlobal
