
Microsoft Visual Studio Solution File, Format Version 12.00
# Visual Studio Version 17
VisualStudioVersion = 17.0.32002.185
MinimumVisualStudioVersion = 10.0.40219.1
Project("{FAE04EC0-301F-11D3-BF4B-00C04F79EFBC}") = "zad02", "zad02.csproj", "{8F0959B6-1C38-4F4A-9325-87198968F546}"
EndProject
Global
	GlobalSection(SolutionConfigurationPlatforms) = preSolution
		Debug|Any CPU = Debug|Any CPU
		Release|Any CPU = Release|Any CPU
	EndGlobalSection
	GlobalSection(ProjectConfigurationPlatforms) = postSolution
		{8F0959B6-1C38-4F4A-9325-87198968F546}.Debug|Any CPU.ActiveCfg = Debug|Any CPU
		{8F0959B6-1C38-4F4A-9325-87198968F546}.Debug|Any CPU.Build.0 = Debug|Any CPU
		{8F0959B6-1C38-4F4A-9325-87198968F546}.Release|Any CPU.ActiveCfg = Release|Any CPU
		{8F0959B6-1C38-4F4A-9325-87198968F546}.Release|Any CPU.Build.0 = Release|Any CPU
	EndGlobalSection
	GlobalSection(SolutionProperties) = preSolution
		HideSolutionNode = FALSE
	EndGlobalSection
	GlobalSection(ExtensibilityGlobals) = postSolution
		SolutionGuid = {FFECF162-09DC-4772-A725-B7471FBD7F3E}
	EndGlobalSection
EndGlobal
